
Microsoft Visual Studio Solution File, Format Version 12.00
# Visual Studio Version 16
VisualStudioVersion = 16.0.33801.447
MinimumVisualStudioVersion = 10.0.40219.1
Project("{2150E333-8FDC-42A3-9474-1A3956D46DE8}") = "Task0", "Task0", "{3227C998-BA9D-4246-A6DE-006A0959FAA3}"
EndProject
Project("{2150E333-8FDC-42A3-9474-1A3956D46DE8}") = "Task1", "Task1", "{71C29B06-AC1D-4A49-8C7A-06E039AAD195}"
EndProject
Project("{2150E333-8FDC-42A3-9474-1A3956D46DE8}") = "Task2", "Task2", "{A8FD0007-2DF6-4C52-B33E-CB306B970783}"
EndProject
Project("{2150E333-8FDC-42A3-9474-1A3956D46DE8}") = "Task3", "Task3", "{60BAC70A-E9DC-4B21-925D-2513F9AC21DF}"
EndProject
Project("{2150E333-8FDC-42A3-9474-1A3956D46DE8}") = "Task4", "Task4", "{2E425EC9-DE00-444A-AAED-8670D7FD567C}"
EndProject
Project("{2150E333-8FDC-42A3-9474-1A3956D46DE8}") = "Task5", "Task5", "{E12BDBE2-9BB9-4FC8-B6DA-3EE925FF1825}"
EndProject
Project("{2150E333-8FDC-42A3-9474-1A3956D46DE8}") = "Task6", "Task6", "{CB9A344D-7554-4335-8CA1-C81DDC9EF1A8}"
EndProject
Project("{2150E333-8FDC-42A3-9474-1A3956D46DE8}") = "Task7", "Task7", "{C4AF92A1-A06E-49F2-B055-EC956F3886D0}"
EndProject
Project("{FAE04EC0-301F-11D3-BF4B-00C04F79EFBC}") = "Tyuiu.SpirinIS.Sprint1.Task0.V0", "Tyuiu.SpirinIS.Sprint1.Task0.V0\Tyuiu.SpirinIS.Sprint1.Task0.V0.csproj", "{82D4C6DC-D158-46FE-950D-2A8F8C1B06C0}"
EndProject
Project("{FAE04EC0-301F-11D3-BF4B-00C04F79EFBC}") = "Tyuiu.SpirinIS.Sprint1.Task0.V0.Lib", "Tyuiu.SpirinIS.Sprint1.Task0.V0.Lib\Tyuiu.SpirinIS.Sprint1.Task0.V0.Lib.csproj", "{E44E1E4D-081B-45AF-843F-7AB33A48565D}"
EndProject
Project("{FAE04EC0-301F-11D3-BF4B-00C04F79EFBC}") = "Tyuiu.SpirinIS.Sprint1.Task0.V0.Test", "Tyuiu.SpirinIS.Sprint1.Task0.V0.Test\Tyuiu.SpirinIS.Sprint1.Task0.V0.Test.csproj", "{E88321ED-8A24-42B3-89AC-212F57381180}"
EndProject
Project("{FAE04EC0-301F-11D3-BF4B-00C04F79EFBC}") = "Tyuiu.SpirinIS.Sprint1.Task1.V0", "Tyuiu.SpirinIS.Sprint1.Task1.V0\Tyuiu.SpirinIS.Sprint1.Task1.V0.csproj", "{5D11CB9F-B24F-4FF9-8582-4E701E8ED545}"
EndProject
Project("{FAE04EC0-301F-11D3-BF4B-00C04F79EFBC}") = "Tyuiu.SpirinIS.Sprint1.Task1.V0.Lib", "Tyuiu.SpirinIS.Sprint1.Task1.V0.Lib\Tyuiu.SpirinIS.Sprint1.Task1.V0.Lib.csproj", "{2129BBF7-2157-4A0C-8755-2FADE38B88C7}"
EndProject
Project("{FAE04EC0-301F-11D3-BF4B-00C04F79EFBC}") = "Tyuiu.SpirinIS.Sprint1.Task1.V0.Test", "Tyuiu.SpirinIS.Sprint1.Task1.V0.Test\Tyuiu.SpirinIS.Sprint1.Task1.V0.Test.csproj", "{93BD68E4-EE84-40D6-91FA-151E47FD7E98}"
EndProject
Project("{FAE04EC0-301F-11D3-BF4B-00C04F79EFBC}") = "Tyuiu.SpirinIS.Sprint1.Task2.V0", "Tyuiu.SpirinIS.Sprint1.Task2.V0\Tyuiu.SpirinIS.Sprint1.Task2.V0.csproj", "{E23A091B-82E4-4E82-940A-38AF59441FAF}"
EndProject
Project("{FAE04EC0-301F-11D3-BF4B-00C04F79EFBC}") = "Tyuiu.SpirinIS.Sprint1.Task2.V0.Lib", "Tyuiu.SpirinIS.Sprint1.Task2.V0.Lib\Tyuiu.SpirinIS.Sprint1.Task2.V0.Lib.csproj", "{6F3FA118-2CA6-45DF-B8DE-DE2E06FE3CC3}"
EndProject
Project("{FAE04EC0-301F-11D3-BF4B-00C04F79EFBC}") = "Tyuiu.SpirinIS.Sprint1.Task2.V0.Test", "Tyuiu.SpirinIS.Sprint1.Task2.V0.Test\Tyuiu.SpirinIS.Sprint1.Task2.V0.Test.csproj", "{DD8194B1-9C67-4B4F-94E2-74B014FA3DE4}"
EndProject
Project("{FAE04EC0-301F-11D3-BF4B-00C04F79EFBC}") = "Tyuiu.SpirinIS.Sprint1.Task3.V0", "Tyuiu.SpirinIS.Sprint1.Task3.V0\Tyuiu.SpirinIS.Sprint1.Task3.V0.csproj", "{833FF3A0-59F7-460F-B6E9-8A00425F6208}"
EndProject
Project("{FAE04EC0-301F-11D3-BF4B-00C04F79EFBC}") = "Tyuiu.SpirinIS.Sprint1.Task3.V0.Lib", "Tyuiu.SpirinIS.Sprint1.Task3.V0.Lib\Tyuiu.SpirinIS.Sprint1.Task3.V0.Lib.csproj", "{14905C5E-71CF-4F51-BC17-5BE6F6149BAA}"
EndProject
Project("{FAE04EC0-301F-11D3-BF4B-00C04F79EFBC}") = "Tyuiu.SpirinIS.Sprint1.Task3.V0.Test", "Tyuiu.SpirinIS.Sprint1.Task3.V0.Test\Tyuiu.SpirinIS.Sprint1.Task3.V0.Test.csproj", "{10F8465E-6E75-4297-8D06-4879D5227668}"
EndProject
Project("{FAE04EC0-301F-11D3-BF4B-00C04F79EFBC}") = "Tyuiu.SpirinIS.Sprint1.Task4.V0", "Tyuiu.SpirinIS.Sprint1.Task4.V0\Tyuiu.SpirinIS.Sprint1.Task4.V0.csproj", "{2CBBAB47-D464-4D23-BCBD-330E32204B7D}"
EndProject
Project("{FAE04EC0-301F-11D3-BF4B-00C04F79EFBC}") = "Tyuiu.SpirinIS.Sprint1.Task4.V0.Lib", "Tyuiu.SpirinIS.Sprint1.Task4.V0.Lib\Tyuiu.SpirinIS.Sprint1.Task4.V0.Lib.csproj", "{F0C10217-A835-413C-A9A7-2D347A66E088}"
EndProject
Project("{FAE04EC0-301F-11D3-BF4B-00C04F79EFBC}") = "Tyuiu.SpirinIS.Sprint1.Task4.V0.Test", "Tyuiu.SpirinIS.Sprint1.Task4.V0.Test\Tyuiu.SpirinIS.Sprint1.Task4.V0.Test.csproj", "{31A35735-7ED3-4225-B973-D0FCEFBA543E}"
EndProject
Project("{FAE04EC0-301F-11D3-BF4B-00C04F79EFBC}") = "Tyuiu.SpirinIS.Sprint1.Task5.V0", "Tyuiu.SpirinIS.Sprint1.Task5.V0\Tyuiu.SpirinIS.Sprint1.Task5.V0.csproj", "{08D5EE53-3EE3-44B5-87C9-3A29F117F586}"
EndProject
Project("{FAE04EC0-301F-11D3-BF4B-00C04F79EFBC}") = "Tyuiu.SpirinIS.Sprint1.Task5.V0.Lib", "Tyuiu.SpirinIS.Sprint1.Task5.V0.Lib\Tyuiu.SpirinIS.Sprint1.Task5.V0.Lib.csproj", "{16590E79-9130-4213-B879-C590E20E632B}"
EndProject
Project("{FAE04EC0-301F-11D3-BF4B-00C04F79EFBC}") = "Tyuiu.SpirinIS.Sprint1.Task5.V0.Test", "Tyuiu.SpirinIS.Sprint1.Task5.V0.Test\Tyuiu.SpirinIS.Sprint1.Task5.V0.Test.csproj", "{9FACE163-49B4-4644-A6A4-5D2890CDBA2B}"
EndProject
Project("{FAE04EC0-301F-11D3-BF4B-00C04F79EFBC}") = "Tyuiu.SpirinIS.Sprint1.Task6.V0", "Tyuiu.SpirinIS.Sprint1.Task6.V0\Tyuiu.SpirinIS.Sprint1.Task6.V0.csproj", "{2F6112AC-5302-4B6F-996D-692D3A0741FD}"
EndProject
Project("{FAE04EC0-301F-11D3-BF4B-00C04F79EFBC}") = "Tyuiu.SpirinIS.Sprint1.Task6.V0.Lib", "Tyuiu.SpirinIS.Sprint1.Task6.V0.Lib\Tyuiu.SpirinIS.Sprint1.Task6.V0.Lib.csproj", "{C7C37C43-BC09-4779-8902-4037C81C22A4}"
EndProject
Project("{FAE04EC0-301F-11D3-BF4B-00C04F79EFBC}") = "Tyuiu.SpirinIS.Sprint1.Task6.V0.Test", "Tyuiu.SpirinIS.Sprint1.Task6.V0.Test\Tyuiu.SpirinIS.Sprint1.Task6.V0.Test.csproj", "{6AD334B9-4158-4AF6-99D9-7F30E4C78536}"
EndProject
Project("{FAE04EC0-301F-11D3-BF4B-00C04F79EFBC}") = "Tyuiu.SpirinIS.Sprint1.Task7.V0", "Tyuiu.SpirinIS.Sprint1.Task7.V0\Tyuiu.SpirinIS.Sprint1.Task7.V0.csproj", "{46F75C0A-CC0A-4A8C-BBF1-48E5FD5F58C7}"
EndProject
Project("{FAE04EC0-301F-11D3-BF4B-00C04F79EFBC}") = "Tyuiu.SpirinIS.Sprint1.Task7.V0.Lib", "Tyuiu.SpirinIS.Sprint1.Task7.V0.Lib\Tyuiu.SpirinIS.Sprint1.Task7.V0.Lib.csproj", "{12C4EDA4-A196-4F22-A9D2-493E8015CD5C}"
EndProject
Project("{FAE04EC0-301F-11D3-BF4B-00C04F79EFBC}") = "Tyuiu.SpirinIS.Sprint1.Task7.V0.Test", "Tyuiu.SpirinIS.Sprint1.Task7.V0.Test\Tyuiu.SpirinIS.Sprint1.Task7.V0.Test.csproj", "{F39FF8E4-877F-4630-A39A-C8DBCBF9B197}"
EndProject
Global
	GlobalSection(SolutionConfigurationPlatforms) = preSolution
		Debug|Any CPU = Debug|Any CPU
		Release|Any CPU = Release|Any CPU
	EndGlobalSection
	GlobalSection(ProjectConfigurationPlatforms) = postSolution
		{82D4C6DC-D158-46FE-950D-2A8F8C1B06C0}.Debug|Any CPU.ActiveCfg = Debug|Any CPU
		{82D4C6DC-D158-46FE-950D-2A8F8C1B06C0}.Debug|Any CPU.Build.0 = Debug|Any CPU
		{82D4C6DC-D158-46FE-950D-2A8F8C1B06C0}.Release|Any CPU.ActiveCfg = Release|Any CPU
		{82D4C6DC-D158-46FE-950D-2A8F8C1B06C0}.Release|Any CPU.Build.0 = Release|Any CPU
		{E44E1E4D-081B-45AF-843F-7AB33A48565D}.Debug|Any CPU.ActiveCfg = Debug|Any CPU
		{E44E1E4D-081B-45AF-843F-7AB33A48565D}.Debug|Any CPU.Build.0 = Debug|Any CPU
		{E44E1E4D-081B-45AF-843F-7AB33A48565D}.Release|Any CPU.ActiveCfg = Release|Any CPU
		{E44E1E4D-081B-45AF-843F-7AB33A48565D}.Release|Any CPU.Build.0 = Release|Any CPU
		{E88321ED-8A24-42B3-89AC-212F57381180}.Debug|Any CPU.ActiveCfg = Debug|Any CPU
		{E88321ED-8A24-42B3-89AC-212F57381180}.Debug|Any CPU.Build.0 = Debug|Any CPU
		{E88321ED-8A24-42B3-89AC-212F57381180}.Release|Any CPU.ActiveCfg = Release|Any CPU
		{E88321ED-8A24-42B3-89AC-212F57381180}.Release|Any CPU.Build.0 = Release|Any CPU
		{5D11CB9F-B24F-4FF9-8582-4E701E8ED545}.Debug|Any CPU.ActiveCfg = Debug|Any CPU
		{5D11CB9F-B24F-4FF9-8582-4E701E8ED545}.Debug|Any CPU.Build.0 = Debug|Any CPU
		{5D11CB9F-B24F-4FF9-8582-4E701E8ED545}.Release|Any CPU.ActiveCfg = Release|Any CPU
		{5D11CB9F-B24F-4FF9-8582-4E701E8ED545}.Release|Any CPU.Build.0 = Release|Any CPU
		{2129BBF7-2157-4A0C-8755-2FADE38B88C7}.Debug|Any CPU.ActiveCfg = Debug|Any CPU
		{2129BBF7-2157-4A0C-8755-2FADE38B88C7}.Debug|Any CPU.Build.0 = Debug|Any CPU
		{2129BBF7-2157-4A0C-8755-2FADE38B88C7}.Release|Any CPU.ActiveCfg = Release|Any CPU
		{2129BBF7-2157-4A0C-8755-2FADE38B88C7}.Release|Any CPU.Build.0 = Release|Any CPU
		{93BD68E4-EE84-40D6-91FA-151E47FD7E98}.Debug|Any CPU.ActiveCfg = Debug|Any CPU
		{93BD68E4-EE84-40D6-91FA-151E47FD7E98}.Debug|Any CPU.Build.0 = Debug|Any CPU
		{93BD68E4-EE84-40D6-91FA-151E47FD7E98}.Release|Any CPU.ActiveCfg = Release|Any CPU
		{93BD68E4-EE84-40D6-91FA-151E47FD7E98}.Release|Any CPU.Build.0 = Release|Any CPU
		{E23A091B-82E4-4E82-940A-38AF59441FAF}.Debug|Any CPU.ActiveCfg = Debug|Any CPU
		{E23A091B-82E4-4E82-940A-38AF59441FAF}.Debug|Any CPU.Build.0 = Debug|Any CPU
		{E23A091B-82E4-4E82-940A-38AF59441FAF}.Release|Any CPU.ActiveCfg = Release|Any CPU
		{E23A091B-82E4-4E82-940A-38AF59441FAF}.Release|Any CPU.Build.0 = Release|Any CPU
		{6F3FA118-2CA6-45DF-B8DE-DE2E06FE3CC3}.Debug|Any CPU.ActiveCfg = Debug|Any CPU
		{6F3FA118-2CA6-45DF-B8DE-DE2E06FE3CC3}.Debug|Any CPU.Build.0 = Debug|Any CPU
		{6F3FA118-2CA6-45DF-B8DE-DE2E06FE3CC3}.Release|Any CPU.ActiveCfg = Release|Any CPU
		{6F3FA118-2CA6-45DF-B8DE-DE2E06FE3CC3}.Release|Any CPU.Build.0 = Release|Any CPU
		{DD8194B1-9C67-4B4F-94E2-74B014FA3DE4}.Debug|Any CPU.ActiveCfg = Debug|Any CPU
		{DD8194B1-9C67-4B4F-94E2-74B014FA3DE4}.Debug|Any CPU.Build.0 = Debug|Any CPU
		{DD8194B1-9C67-4B4F-94E2-74B014FA3DE4}.Release|Any CPU.ActiveCfg = Release|Any CPU
		{DD8194B1-9C67-4B4F-94E2-74B014FA3DE4}.Release|Any CPU.Build.0 = Release|Any CPU
		{833FF3A0-59F7-460F-B6E9-8A00425F6208}.Debug|Any CPU.ActiveCfg = Debug|Any CPU
		{833FF3A0-59F7-460F-B6E9-8A00425F6208}.Debug|Any CPU.Build.0 = Debug|Any CPU
		{833FF3A0-59F7-460F-B6E9-8A00425F6208}.Release|Any CPU.ActiveCfg = Release|Any CPU
		{833FF3A0-59F7-460F-B6E9-8A00425F6208}.Release|Any CPU.Build.0 = Release|Any CPU
		{14905C5E-71CF-4F51-BC17-5BE6F6149BAA}.Debug|Any CPU.ActiveCfg = Debug|Any CPU
		{14905C5E-71CF-4F51-BC17-5BE6F6149BAA}.Debug|Any CPU.Build.0 = Debug|Any CPU
		{14905C5E-71CF-4F51-BC17-5BE6F6149BAA}.Release|Any CPU.ActiveCfg = Release|Any CPU
		{14905C5E-71CF-4F51-BC17-5BE6F6149BAA}.Release|Any CPU.Build.0 = Release|Any CPU
		{10F8465E-6E75-4297-8D06-4879D5227668}.Debug|Any CPU.ActiveCfg = Debug|Any CPU
		{10F8465E-6E75-4297-8D06-4879D5227668}.Debug|Any CPU.Build.0 = Debug|Any CPU
		{10F8465E-6E75-4297-8D06-4879D5227668}.Release|Any CPU.ActiveCfg = Release|Any CPU
		{10F8465E-6E75-4297-8D06-4879D5227668}.Release|Any CPU.Build.0 = Release|Any CPU
		{2CBBAB47-D464-4D23-BCBD-330E32204B7D}.Debug|Any CPU.ActiveCfg = Debug|Any CPU
		{2CBBAB47-D464-4D23-BCBD-330E32204B7D}.Debug|Any CPU.Build.0 = Debug|Any CPU
		{2CBBAB47-D464-4D23-BCBD-330E32204B7D}.Release|Any CPU.ActiveCfg = Release|Any CPU
		{2CBBAB47-D464-4D23-BCBD-330E32204B7D}.Release|Any CPU.Build.0 = Release|Any CPU
		{F0C10217-A835-413C-A9A7-2D347A66E088}.Debug|Any CPU.ActiveCfg = Debug|Any CPU
		{F0C10217-A835-413C-A9A7-2D347A66E088}.Debug|Any CPU.Build.0 = Debug|Any CPU
		{F0C10217-A835-413C-A9A7-2D347A66E088}.Release|Any CPU.ActiveCfg = Release|Any CPU
		{F0C10217-A835-413C-A9A7-2D347A66E088}.Release|Any CPU.Build.0 = Release|Any CPU
		{31A35735-7ED3-4225-B973-D0FCEFBA543E}.Debug|Any CPU.ActiveCfg = Debug|Any CPU
		{31A35735-7ED3-4225-B973-D0FCEFBA543E}.Debug|Any CPU.Build.0 = Debug|Any CPU
		{31A35735-7ED3-4225-B973-D0FCEFBA543E}.Release|Any CPU.ActiveCfg = Release|Any CPU
		{31A35735-7ED3-4225-B973-D0FCEFBA543E}.Release|Any CPU.Build.0 = Release|Any CPU
		{08D5EE53-3EE3-44B5-87C9-3A29F117F586}.Debug|Any CPU.ActiveCfg = Debug|Any CPU
		{08D5EE53-3EE3-44B5-87C9-3A29F117F586}.Debug|Any CPU.Build.0 = Debug|Any CPU
		{08D5EE53-3EE3-44B5-87C9-3A29F117F586}.Release|Any CPU.ActiveCfg = Release|Any CPU
		{08D5EE53-3EE3-44B5-87C9-3A29F117F586}.Release|Any CPU.Build.0 = Release|Any CPU
		{16590E79-9130-4213-B879-C590E20E632B}.Debug|Any CPU.ActiveCfg = Debug|Any CPU
		{16590E79-9130-4213-B879-C590E20E632B}.Debug|Any CPU.Build.0 = Debug|Any CPU
		{16590E79-9130-4213-B879-C590E20E632B}.Release|Any CPU.ActiveCfg = Release|Any CPU
		{16590E79-9130-4213-B879-C590E20E632B}.Release|Any CPU.Build.0 = Release|Any CPU
		{9FACE163-49B4-4644-A6A4-5D2890CDBA2B}.Debug|Any CPU.ActiveCfg = Debug|Any CPU
		{9FACE163-49B4-4644-A6A4-5D2890CDBA2B}.Debug|Any CPU.Build.0 = Debug|Any CPU
		{9FACE163-49B4-4644-A6A4-5D2890CDBA2B}.Release|Any CPU.ActiveCfg = Release|Any CPU
		{9FACE163-49B4-4644-A6A4-5D2890CDBA2B}.Release|Any CPU.Build.0 = Release|Any CPU
		{2F6112AC-5302-4B6F-996D-692D3A0741FD}.Debug|Any CPU.ActiveCfg = Debug|Any CPU
		{2F6112AC-5302-4B6F-996D-692D3A0741FD}.Debug|Any CPU.Build.0 = Debug|Any CPU
		{2F6112AC-5302-4B6F-996D-692D3A0741FD}.Release|Any CPU.ActiveCfg = Release|Any CPU
		{2F6112AC-5302-4B6F-996D-692D3A0741FD}.Release|Any CPU.Build.0 = Release|Any CPU
		{C7C37C43-BC09-4779-8902-4037C81C22A4}.Debug|Any CPU.ActiveCfg = Debug|Any CPU
		{C7C37C43-BC09-4779-8902-4037C81C22A4}.Debug|Any CPU.Build.0 = Debug|Any CPU
		{C7C37C43-BC09-4779-8902-4037C81C22A4}.Release|Any CPU.ActiveCfg = Release|Any CPU
		{C7C37C43-BC09-4779-8902-4037C81C22A4}.Release|Any CPU.Build.0 = Release|Any CPU
		{6AD334B9-4158-4AF6-99D9-7F30E4C78536}.Debug|Any CPU.ActiveCfg = Debug|Any CPU
		{6AD334B9-4158-4AF6-99D9-7F30E4C78536}.Debug|Any CPU.Build.0 = Debug|Any CPU
		{6AD334B9-4158-4AF6-99D9-7F30E4C78536}.Release|Any CPU.ActiveCfg = Release|Any CPU
		{6AD334B9-4158-4AF6-99D9-7F30E4C78536}.Release|Any CPU.Build.0 = Release|Any CPU
		{46F75C0A-CC0A-4A8C-BBF1-48E5FD5F58C7}.Debug|Any CPU.ActiveCfg = Debug|Any CPU
		{46F75C0A-CC0A-4A8C-BBF1-48E5FD5F58C7}.Debug|Any CPU.Build.0 = Debug|Any CPU
		{46F75C0A-CC0A-4A8C-BBF1-48E5FD5F58C7}.Release|Any CPU.ActiveCfg = Release|Any CPU
		{46F75C0A-CC0A-4A8C-BBF1-48E5FD5F58C7}.Release|Any CPU.Build.0 = Release|Any CPU
		{12C4EDA4-A196-4F22-A9D2-493E8015CD5C}.Debug|Any CPU.ActiveCfg = Debug|Any CPU
		{12C4EDA4-A196-4F22-A9D2-493E8015CD5C}.Debug|Any CPU.Build.0 = Debug|Any CPU
		{12C4EDA4-A196-4F22-A9D2-493E8015CD5C}.Release|Any CPU.ActiveCfg = Release|Any CPU
		{12C4EDA4-A196-4F22-A9D2-493E8015CD5C}.Release|Any CPU.Build.0 = Release|Any CPU
		{F39FF8E4-877F-4630-A39A-C8DBCBF9B197}.Debug|Any CPU.ActiveCfg = Debug|Any CPU
		{F39FF8E4-877F-4630-A39A-C8DBCBF9B197}.Debug|Any CPU.Build.0 = Debug|Any CPU
		{F39FF8E4-877F-4630-A39A-C8DBCBF9B197}.Release|Any CPU.ActiveCfg = Release|Any CPU
		{F39FF8E4-877F-4630-A39A-C8DBCBF9B197}.Release|Any CPU.Build.0 = Release|Any CPU
	EndGlobalSection
	GlobalSection(SolutionProperties) = preSolution
		HideSolutionNode = FALSE
	EndGlobalSection
	GlobalSection(NestedProjects) = preSolution
		{82D4C6DC-D158-46FE-950D-2A8F8C1B06C0} = {3227C998-BA9D-4246-A6DE-006A0959FAA3}
		{E44E1E4D-081B-45AF-843F-7AB33A48565D} = {3227C998-BA9D-4246-A6DE-006A0959FAA3}
		{E88321ED-8A24-42B3-89AC-212F57381180} = {3227C998-BA9D-4246-A6DE-006A0959FAA3}
		{5D11CB9F-B24F-4FF9-8582-4E701E8ED545} = {71C29B06-AC1D-4A49-8C7A-06E039AAD195}
		{2129BBF7-2157-4A0C-8755-2FADE38B88C7} = {71C29B06-AC1D-4A49-8C7A-06E039AAD195}
		{93BD68E4-EE84-40D6-91FA-151E47FD7E98} = {71C29B06-AC1D-4A49-8C7A-06E039AAD195}
		{E23A091B-82E4-4E82-940A-38AF59441FAF} = {A8FD0007-2DF6-4C52-B33E-CB306B970783}
		{6F3FA118-2CA6-45DF-B8DE-DE2E06FE3CC3} = {A8FD0007-2DF6-4C52-B33E-CB306B970783}
		{DD8194B1-9C67-4B4F-94E2-74B014FA3DE4} = {A8FD0007-2DF6-4C52-B33E-CB306B970783}
		{833FF3A0-59F7-460F-B6E9-8A00425F6208} = {60BAC70A-E9DC-4B21-925D-2513F9AC21DF}
		{14905C5E-71CF-4F51-BC17-5BE6F6149BAA} = {60BAC70A-E9DC-4B21-925D-2513F9AC21DF}
		{10F8465E-6E75-4297-8D06-4879D5227668} = {60BAC70A-E9DC-4B21-925D-2513F9AC21DF}
		{2CBBAB47-D464-4D23-BCBD-330E32204B7D} = {2E425EC9-DE00-444A-AAED-8670D7FD567C}
		{F0C10217-A835-413C-A9A7-2D347A66E088} = {2E425EC9-DE00-444A-AAED-8670D7FD567C}
		{31A35735-7ED3-4225-B973-D0FCEFBA543E} = {2E425EC9-DE00-444A-AAED-8670D7FD567C}
		{08D5EE53-3EE3-44B5-87C9-3A29F117F586} = {E12BDBE2-9BB9-4FC8-B6DA-3EE925FF1825}
		{16590E79-9130-4213-B879-C590E20E632B} = {E12BDBE2-9BB9-4FC8-B6DA-3EE925FF1825}
		{9FACE163-49B4-4644-A6A4-5D2890CDBA2B} = {E12BDBE2-9BB9-4FC8-B6DA-3EE925FF1825}
		{2F6112AC-5302-4B6F-996D-692D3A0741FD} = {CB9A344D-7554-4335-8CA1-C81DDC9EF1A8}
		{C7C37C43-BC09-4779-8902-4037C81C22A4} = {CB9A344D-7554-4335-8CA1-C81DDC9EF1A8}
		{6AD334B9-4158-4AF6-99D9-7F30E4C78536} = {CB9A344D-7554-4335-8CA1-C81DDC9EF1A8}
		{46F75C0A-CC0A-4A8C-BBF1-48E5FD5F58C7} = {C4AF92A1-A06E-49F2-B055-EC956F3886D0}
		{12C4EDA4-A196-4F22-A9D2-493E8015CD5C} = {C4AF92A1-A06E-49F2-B055-EC956F3886D0}
		{F39FF8E4-877F-4630-A39A-C8DBCBF9B197} = {C4AF92A1-A06E-49F2-B055-EC956F3886D0}
	EndGlobalSection
	GlobalSection(ExtensibilityGlobals) = postSolution
		SolutionGuid = {0B32BCE0-0904-4A06-8822-3EE3E84C9128}
	EndGlobalSection
EndGlobal
